
Microsoft Visual Studio Solution File, Format Version 12.00
# Visual Studio Version 17
VisualStudioVersion = 17.2.32526.322
MinimumVisualStudioVersion = 10.0.40219.1
Project("{FAE04EC0-301F-11D3-BF4B-00C04F79EFBC}") = "List1", "List1\List1.csproj", "{76803C18-A46E-40BC-B952-18EF094507AB}"
EndProject
Global
	GlobalSection(SolutionConfigurationPlatforms) = preSolution
		Debug|Any CPU = Debug|Any CPU
		Release|Any CPU = Release|Any CPU
	EndGlobalSection
	GlobalSection(ProjectConfigurationPlatforms) = postSolution
		{76803C18-A46E-40BC-B952-18EF094507AB}.Debug|Any CPU.ActiveCfg = Debug|Any CPU
		{76803C18-A46E-40BC-B952-18EF094507AB}.Debug|Any CPU.Build.0 = Debug|Any CPU
		{76803C18-A46E-40BC-B952-18EF094507AB}.Release|Any CPU.ActiveCfg = Release|Any CPU
		{76803C18-A46E-40BC-B952-18EF094507AB}.Release|Any CPU.Build.0 = Release|Any CPU
	EndGlobalSection
	GlobalSection(SolutionProperties) = preSolution
		HideSolutionNode = FALSE
	EndGlobalSection
	GlobalSection(ExtensibilityGlobals) = postSolution
		SolutionGuid = {FEF734A5-F383-42E4-89D0-631B565E5B3A}
	EndGlobalSection
EndGlobal
