
Microsoft Visual Studio Solution File, Format Version 12.00
# Visual Studio Version 17
VisualStudioVersion = 17.2.32526.322
MinimumVisualStudioVersion = 10.0.40219.1
Project("{FAE04EC0-301F-11D3-BF4B-00C04F79EFBC}") = "WindowsFormsApp2", "WindowsFormsApp2\WindowsFormsApp2.csproj", "{44BF14EC-1CA6-499C-80CE-5424A7FC8FD0}"
EndProject
Global
	GlobalSection(SolutionConfigurationPlatforms) = preSolution
		Debug|Any CPU = Debug|Any CPU
		Release|Any CPU = Release|Any CPU
	EndGlobalSection
	GlobalSection(ProjectConfigurationPlatforms) = postSolution
		{44BF14EC-1CA6-499C-80CE-5424A7FC8FD0}.Debug|Any CPU.ActiveCfg = Debug|Any CPU
		{44BF14EC-1CA6-499C-80CE-5424A7FC8FD0}.Debug|Any CPU.Build.0 = Debug|Any CPU
		{44BF14EC-1CA6-499C-80CE-5424A7FC8FD0}.Release|Any CPU.ActiveCfg = Release|Any CPU
		{44BF14EC-1CA6-499C-80CE-5424A7FC8FD0}.Release|Any CPU.Build.0 = Release|Any CPU
	EndGlobalSection
	GlobalSection(SolutionProperties) = preSolution
		HideSolutionNode = FALSE
	EndGlobalSection
	GlobalSection(ExtensibilityGlobals) = postSolution
		SolutionGuid = {4D751710-E60A-46FE-9E82-5A64D58BB57C}
	EndGlobalSection
EndGlobal
